
Microsoft Visual Studio Solution File, Format Version 12.00
# Visual Studio Version 17
VisualStudioVersion = 17.6.33815.320
MinimumVisualStudioVersion = 10.0.40219.1
Project("{FAE04EC0-301F-11D3-BF4B-00C04F79EFBC}") = "Expenses", "Expenses.csproj", "{4CAB3121-5F23-4E2B-BAB6-B10FD39F757F}"
EndProject
Global
	GlobalSection(SolutionConfigurationPlatforms) = preSolution
		Debug|Any CPU = Debug|Any CPU
		Release|Any CPU = Release|Any CPU
	EndGlobalSection
	GlobalSection(ProjectConfigurationPlatforms) = postSolution
		{4CAB3121-5F23-4E2B-BAB6-B10FD39F757F}.Debug|Any CPU.ActiveCfg = Debug|Any CPU
		{4CAB3121-5F23-4E2B-BAB6-B10FD39F757F}.Debug|Any CPU.Build.0 = Debug|Any CPU
		{4CAB3121-5F23-4E2B-BAB6-B10FD39F757F}.Release|Any CPU.ActiveCfg = Release|Any CPU
		{4CAB3121-5F23-4E2B-BAB6-B10FD39F757F}.Release|Any CPU.Build.0 = Release|Any CPU
	EndGlobalSection
	GlobalSection(SolutionProperties) = preSolution
		HideSolutionNode = FALSE
	EndGlobalSection
	GlobalSection(ExtensibilityGlobals) = postSolution
		SolutionGuid = {45DE361F-6013-4253-A79B-6C47EA863CD6}
	EndGlobalSection
EndGlobal
